// !$*UTF8*$!
{
	archiveVersion = 1;
	classes = {
	};
	objectVersion = 48;
	objects = {

/* Begin PBXBuildFile section */
		6C0747D61BE9F2720096BF85 /* PEGKit.framework in Frameworks */ = {isa = PBXBuildFile; fileRef = 6C0747D51BE9F2720096BF85 /* PEGKit.framework */; };
		6C0747D71BE9F28F0096BF85 /* PEGKit.framework in Frameworks */ = {isa = PBXBuildFile; fileRef = 6C0747D51BE9F2720096BF85 /* PEGKit.framework */; };
		6C158E2B1B38277200119725 /* STConfig.m in Sources */ = {isa = PBXBuildFile; fileRef = 6C158DE11B38206600119725 /* STConfig.m */; };
		6C158E2C1B38277200119725 /* STDeallocHook.m in Sources */ = {isa = PBXBuildFile; fileRef = 6CCFFA7C1B33CB5F00D2F371 /* STDeallocHook.m */; };
		6C158E2D1B38277200119725 /* STConsoleLogger.m in Sources */ = {isa = PBXBuildFile; fileRef = 6CD18E011B32A5B8002C9806 /* STConsoleLogger.m */; };
		6C158E2E1B38277200119725 /* STAbstractLogger.m in Sources */ = {isa = PBXBuildFile; fileRef = 6C6879981B32F49A00091F87 /* STAbstractLogger.m */; };
		6C158E2F1B38277200119725 /* STStoryTeller.m in Sources */ = {isa = PBXBuildFile; fileRef = 6CE5C3E91B329BD100F0A470 /* STStoryTeller.m */; };
		6C3F07E91D33D2D100166A39 /* STMatcherFactoryTests.m in Sources */ = {isa = PBXBuildFile; fileRef = 6C3F07E81D33D2D100166A39 /* STMatcherFactoryTests.m */; };
		6C3F07EB1D33DF5000166A39 /* Cartfile in Resources */ = {isa = PBXBuildFile; fileRef = 6C3F07EA1D33DF5000166A39 /* Cartfile */; };
		6C7145631B4425BE00EBC055 /* StoryTellerConfig.json in Resources */ = {isa = PBXBuildFile; fileRef = 6C158DE51B3820F100119725 /* StoryTellerConfig.json */; };
		6C7160881D65784000B355F4 /* StoryTeller.framework in Frameworks */ = {isa = PBXBuildFile; fileRef = 6C158E141B38269D00119725 /* StoryTeller.framework */; };
		6C8174331B3CDBA300342066 /* STCompareMatcher.m in Sources */ = {isa = PBXBuildFile; fileRef = 6C8174311B3CDBA300342066 /* STCompareMatcher.m */; };
		6C8174391B3CEDDD00342066 /* STFilterMatcher.m in Sources */ = {isa = PBXBuildFile; fileRef = 6C8174371B3CEDDD00342066 /* STFilterMatcher.m */; };
		6C81743B1B3D204F00342066 /* STCompareMatcherTests.m in Sources */ = {isa = PBXBuildFile; fileRef = 6C81743A1B3D204F00342066 /* STCompareMatcherTests.m */; };
		6C8E922C1B3BC41C00E6B6C4 /* STLogExpressionParserDelegate.m in Sources */ = {isa = PBXBuildFile; fileRef = 6C8E922A1B3BC41C00E6B6C4 /* STLogExpressionParserDelegate.m */; };
		6C9B50F81B32AC770004E06D /* StoryTellerTests.m in Sources */ = {isa = PBXBuildFile; fileRef = 6C9B50F71B32AC770004E06D /* StoryTellerTests.m */; };
		6C9B50FB1B32ACB30004E06D /* InMemoryLogger.m in Sources */ = {isa = PBXBuildFile; fileRef = 6C9B50FA1B32ACB30004E06D /* InMemoryLogger.m */; };
		6C9E1A631B44CABA00763905 /* MainClass.m in Sources */ = {isa = PBXBuildFile; fileRef = 6C9E1A621B44CABA00763905 /* MainClass.m */; };
		6C9E1A671B44CB5B00763905 /* SubClass.m in Sources */ = {isa = PBXBuildFile; fileRef = 6C9E1A661B44CB5B00763905 /* SubClass.m */; };
		6C9E1A6A1B44CBC500763905 /* OptionsTests.m in Sources */ = {isa = PBXBuildFile; fileRef = 6C9E1A691B44CBC500763905 /* OptionsTests.m */; };
		6C9E1A6C1B44CC2200763905 /* SimpleValueTests.m in Sources */ = {isa = PBXBuildFile; fileRef = 6C9E1A6B1B44CC2200763905 /* SimpleValueTests.m */; };
		6C9E1A6E1B44CD4500763905 /* ClassTests.m in Sources */ = {isa = PBXBuildFile; fileRef = 6C9E1A6D1B44CD4500763905 /* ClassTests.m */; };
		6C9E1A701B44CD7A00763905 /* ProtocolTests.m in Sources */ = {isa = PBXBuildFile; fileRef = 6C9E1A6F1B44CD7A00763905 /* ProtocolTests.m */; };
		6C9E1A721B44CE0300763905 /* ExpectsStringTests.m in Sources */ = {isa = PBXBuildFile; fileRef = 6C9E1A711B44CE0300763905 /* ExpectsStringTests.m */; };
		6C9E1A741B44CEB900763905 /* PropertiesTests.m in Sources */ = {isa = PBXBuildFile; fileRef = 6C9E1A731B44CEB900763905 /* PropertiesTests.m */; };
		6C9E1A761B44CF3900763905 /* ExpectsNumberTests.m in Sources */ = {isa = PBXBuildFile; fileRef = 6C9E1A751B44CF3900763905 /* ExpectsNumberTests.m */; };
		6C9E1A781B44CF8B00763905 /* ExpectsNilTests.m in Sources */ = {isa = PBXBuildFile; fileRef = 6C9E1A771B44CF8B00763905 /* ExpectsNilTests.m */; };
		6C9E1A7A1B44D00600763905 /* ExpectsBooleanTests.m in Sources */ = {isa = PBXBuildFile; fileRef = 6C9E1A791B44D00600763905 /* ExpectsBooleanTests.m */; };
		6C9E1A7C1B44D05200763905 /* ExpectsClassTests.m in Sources */ = {isa = PBXBuildFile; fileRef = 6C9E1A7B1B44D05200763905 /* ExpectsClassTests.m */; };
		6C9E1A7E1B44D0C100763905 /* ExpectsProtocolTests.m in Sources */ = {isa = PBXBuildFile; fileRef = 6C9E1A7D1B44D0C100763905 /* ExpectsProtocolTests.m */; };
		6CA4E2BA1D375FF4000C68C9 /* OCMock.framework in Frameworks */ = {isa = PBXBuildFile; fileRef = 6C3F07EC1D33E02C00166A39 /* OCMock.framework */; };
		6CA7DF061B3A61D7002491FF /* STLogExpressionParser.m in Sources */ = {isa = PBXBuildFile; fileRef = 6CA7DF041B3A61D7002491FF /* STLogExpressionParser.m */; };
		6CC458AA1B4FEBD700FA0EA9 /* STMatcherFactory.m in Sources */ = {isa = PBXBuildFile; fileRef = 6CC458A81B4FEBD700FA0EA9 /* STMatcherFactory.m */; };
		6CD10E4C1D5D9B13001D3507 /* PEGKit.framework in Frameworks */ = {isa = PBXBuildFile; fileRef = 6C34C9D91D5D8F320080D428 /* PEGKit.framework */; };
		6CD10E4D1D5D9B37001D3507 /* STConfig.m in Sources */ = {isa = PBXBuildFile; fileRef = 6C158DE11B38206600119725 /* STConfig.m */; };
		6CD10E4E1D5D9B37001D3507 /* STDeallocHook.m in Sources */ = {isa = PBXBuildFile; fileRef = 6CCFFA7C1B33CB5F00D2F371 /* STDeallocHook.m */; };
		6CD10E4F1D5D9B37001D3507 /* STLogExpressionParserDelegate.m in Sources */ = {isa = PBXBuildFile; fileRef = 6C8E922A1B3BC41C00E6B6C4 /* STLogExpressionParserDelegate.m */; };
		6CD10E501D5D9B37001D3507 /* STLogExpressionParser.m in Sources */ = {isa = PBXBuildFile; fileRef = 6CA7DF041B3A61D7002491FF /* STLogExpressionParser.m */; };
		6CD10E511D5D9B37001D3507 /* STConsoleLogger.m in Sources */ = {isa = PBXBuildFile; fileRef = 6CD18E011B32A5B8002C9806 /* STConsoleLogger.m */; };
		6CD10E521D5D9B37001D3507 /* STAbstractLogger.m in Sources */ = {isa = PBXBuildFile; fileRef = 6C6879981B32F49A00091F87 /* STAbstractLogger.m */; };
		6CD10E531D5D9B37001D3507 /* STStoryTeller.m in Sources */ = {isa = PBXBuildFile; fileRef = 6CE5C3E91B329BD100F0A470 /* STStoryTeller.m */; };
		6CD10E541D5D9B3E001D3507 /* STCompareMatcher.m in Sources */ = {isa = PBXBuildFile; fileRef = 6C8174311B3CDBA300342066 /* STCompareMatcher.m */; };
		6CD10E551D5D9B3E001D3507 /* STFilterMatcher.m in Sources */ = {isa = PBXBuildFile; fileRef = 6C8174371B3CEDDD00342066 /* STFilterMatcher.m */; };
		6CD10E561D5D9B3E001D3507 /* STMatcherFactory.m in Sources */ = {isa = PBXBuildFile; fileRef = 6CC458A81B4FEBD700FA0EA9 /* STMatcherFactory.m */; };
		6CD10E571D5D9BB6001D3507 /* STMatcher.h in Headers */ = {isa = PBXBuildFile; fileRef = 6C8174341B3CED7F00342066 /* STMatcher.h */; };
		6CD10E581D5D9BB6001D3507 /* STCompareMatcher.h in Headers */ = {isa = PBXBuildFile; fileRef = 6C8174301B3CDBA300342066 /* STCompareMatcher.h */; };
		6CD10E591D5D9BB6001D3507 /* STFilterMatcher.h in Headers */ = {isa = PBXBuildFile; fileRef = 6C8174361B3CEDDD00342066 /* STFilterMatcher.h */; };
		6CD10E5A1D5D9BB6001D3507 /* STMatcherFactory.h in Headers */ = {isa = PBXBuildFile; fileRef = 6CC458A71B4FEBD700FA0EA9 /* STMatcherFactory.h */; };
		6CD10E5B1D5D9BB6001D3507 /* STConfig.h in Headers */ = {isa = PBXBuildFile; fileRef = 6C158DE01B38206600119725 /* STConfig.h */; };
		6CD10E5C1D5D9BB6001D3507 /* STDeallocHook.h in Headers */ = {isa = PBXBuildFile; fileRef = 6CCFFA7B1B33CB5F00D2F371 /* STDeallocHook.h */; };
		6CD10E5D1D5D9BB6001D3507 /* STLogExpressionParserDelegate.h in Headers */ = {isa = PBXBuildFile; fileRef = 6C8E92291B3BC41C00E6B6C4 /* STLogExpressionParserDelegate.h */; };
		6CD10E5E1D5D9BB6001D3507 /* STLogExpressionParser.h in Headers */ = {isa = PBXBuildFile; fileRef = 6CA7DF031B3A61D7002491FF /* STLogExpressionParser.h */; };
		6CD10E5F1D5D9BB6001D3507 /* STInternalMacros.h in Headers */ = {isa = PBXBuildFile; fileRef = 6CBABD1F1D5B48A400E44EC4 /* STInternalMacros.h */; };
		6CD10E601D5D9BB6001D3507 /* STLogger.h in Headers */ = {isa = PBXBuildFile; fileRef = 6CD18DFF1B32A4EF002C9806 /* STLogger.h */; settings = {ATTRIBUTES = (Public, ); }; };
		6CD10E611D5D9BB6001D3507 /* STConsoleLogger.h in Headers */ = {isa = PBXBuildFile; fileRef = 6CD18E001B32A5B8002C9806 /* STConsoleLogger.h */; settings = {ATTRIBUTES = (Public, ); }; };
		6CD10E621D5D9BB6001D3507 /* STAbstractLogger.h in Headers */ = {isa = PBXBuildFile; fileRef = 6C6879971B32F49A00091F87 /* STAbstractLogger.h */; settings = {ATTRIBUTES = (Public, ); }; };
		6CD10E631D5D9BB6001D3507 /* STStoryTeller.h in Headers */ = {isa = PBXBuildFile; fileRef = 6CE5C3E71B329BD100F0A470 /* STStoryTeller.h */; settings = {ATTRIBUTES = (Public, ); }; };
		6CD10E641D5D9BB6001D3507 /* STMacros.h in Headers */ = {isa = PBXBuildFile; fileRef = 6C8AE1981B3A444F00DF2B9F /* STMacros.h */; settings = {ATTRIBUTES = (Public, ); }; };
		6CD10E651D5D9BB6001D3507 /* StoryTeller.h in Headers */ = {isa = PBXBuildFile; fileRef = 6C8AE1991B3A466200DF2B9F /* StoryTeller.h */; settings = {ATTRIBUTES = (Public, ); }; };
		6CD10E661D5D9BF5001D3507 /* STInternalMacros.h in Headers */ = {isa = PBXBuildFile; fileRef = 6CBABD1F1D5B48A400E44EC4 /* STInternalMacros.h */; settings = {ATTRIBUTES = (Private, ); }; };
		6CD938411B384AB5005B0B5D /* STConfigTests.m in Sources */ = {isa = PBXBuildFile; fileRef = 6CD938401B384AB5005B0B5D /* STConfigTests.m */; };
		F469EAD01CEAEB6800D9DD47 /* STMatcher.h in Headers */ = {isa = PBXBuildFile; fileRef = 6C8174341B3CED7F00342066 /* STMatcher.h */; settings = {ATTRIBUTES = (Private, ); }; };
		F469EAD11CEAEB6800D9DD47 /* STCompareMatcher.h in Headers */ = {isa = PBXBuildFile; fileRef = 6C8174301B3CDBA300342066 /* STCompareMatcher.h */; settings = {ATTRIBUTES = (Private, ); }; };
		F469EAD21CEAEB6800D9DD47 /* STFilterMatcher.h in Headers */ = {isa = PBXBuildFile; fileRef = 6C8174361B3CEDDD00342066 /* STFilterMatcher.h */; settings = {ATTRIBUTES = (Private, ); }; };
		F469EAD31CEAEB6800D9DD47 /* STMatcherFactory.h in Headers */ = {isa = PBXBuildFile; fileRef = 6CC458A71B4FEBD700FA0EA9 /* STMatcherFactory.h */; settings = {ATTRIBUTES = (Private, ); }; };
		F469EAD41CEAEB6800D9DD47 /* STConfig.h in Headers */ = {isa = PBXBuildFile; fileRef = 6C158DE01B38206600119725 /* STConfig.h */; settings = {ATTRIBUTES = (Private, ); }; };
		F469EAD51CEAEB6800D9DD47 /* STDeallocHook.h in Headers */ = {isa = PBXBuildFile; fileRef = 6CCFFA7B1B33CB5F00D2F371 /* STDeallocHook.h */; settings = {ATTRIBUTES = (Private, ); }; };
		F469EAD61CEAEB6800D9DD47 /* STLogExpressionParserDelegate.h in Headers */ = {isa = PBXBuildFile; fileRef = 6C8E92291B3BC41C00E6B6C4 /* STLogExpressionParserDelegate.h */; settings = {ATTRIBUTES = (Private, ); }; };
		F469EAD71CEAEB6800D9DD47 /* STLogExpressionParser.h in Headers */ = {isa = PBXBuildFile; fileRef = 6CA7DF031B3A61D7002491FF /* STLogExpressionParser.h */; settings = {ATTRIBUTES = (Private, ); }; };
		F469EAD81CEAEB6800D9DD47 /* STLogger.h in Headers */ = {isa = PBXBuildFile; fileRef = 6CD18DFF1B32A4EF002C9806 /* STLogger.h */; settings = {ATTRIBUTES = (Public, ); }; };
		F469EAD91CEAEB6800D9DD47 /* STConsoleLogger.h in Headers */ = {isa = PBXBuildFile; fileRef = 6CD18E001B32A5B8002C9806 /* STConsoleLogger.h */; settings = {ATTRIBUTES = (Public, ); }; };
		F469EADA1CEAEB6800D9DD47 /* STAbstractLogger.h in Headers */ = {isa = PBXBuildFile; fileRef = 6C6879971B32F49A00091F87 /* STAbstractLogger.h */; settings = {ATTRIBUTES = (Public, ); }; };
		F469EADB1CEAEB6800D9DD47 /* STStoryTeller.h in Headers */ = {isa = PBXBuildFile; fileRef = 6CE5C3E71B329BD100F0A470 /* STStoryTeller.h */; settings = {ATTRIBUTES = (Public, ); }; };
		F469EADC1CEAEB6800D9DD47 /* STMacros.h in Headers */ = {isa = PBXBuildFile; fileRef = 6C8AE1981B3A444F00DF2B9F /* STMacros.h */; settings = {ATTRIBUTES = (Public, ); }; };
		F469EADD1CEAEB6800D9DD47 /* StoryTeller.h in Headers */ = {isa = PBXBuildFile; fileRef = 6C8AE1991B3A466200DF2B9F /* StoryTeller.h */; settings = {ATTRIBUTES = (Public, ); }; };
/* End PBXBuildFile section */

/* Begin PBXContainerItemProxy section */
		6C158E371B38282100119725 /* PBXContainerItemProxy */ = {
			isa = PBXContainerItemProxy;
			containerPortal = 6CE5C3DC1B329BD100F0A470 /* Project object */;
			proxyType = 1;
			remoteGlobalIDString = 6C158E131B38269D00119725;
			remoteInfo = StoryTeller;
		};
/* End PBXContainerItemProxy section */

/* Begin PBXFileReference section */
		6C0747D51BE9F2720096BF85 /* PEGKit.framework */ = {isa = PBXFileReference; lastKnownFileType = wrapper.framework; name = PEGKit.framework; path = Carthage/Build/iOS/PEGKit.framework; sourceTree = "<group>"; };
		6C158DE01B38206600119725 /* STConfig.h */ = {isa = PBXFileReference; fileEncoding = 4; lastKnownFileType = sourcecode.c.h; path = STConfig.h; sourceTree = "<group>"; };
		6C158DE11B38206600119725 /* STConfig.m */ = {isa = PBXFileReference; fileEncoding = 4; lastKnownFileType = sourcecode.c.objc; lineEnding = 0; path = STConfig.m; sourceTree = "<group>"; xcLanguageSpecificationIdentifier = xcode.lang.objc; };
		6C158DE51B3820F100119725 /* StoryTellerConfig.json */ = {isa = PBXFileReference; fileEncoding = 4; lastKnownFileType = text.json; name = StoryTellerConfig.json; path = ../StoryTeller/StoryTellerConfig.json; sourceTree = "<group>"; };
		6C158E141B38269D00119725 /* StoryTeller.framework */ = {isa = PBXFileReference; explicitFileType = wrapper.framework; includeInIndex = 0; path = StoryTeller.framework; sourceTree = BUILT_PRODUCTS_DIR; };
		6C158E181B38269D00119725 /* Info.plist */ = {isa = PBXFileReference; lastKnownFileType = text.plist.xml; name = Info.plist; path = StoryTeller/Info.plist; sourceTree = "<group>"; };
		6C34C9D91D5D8F320080D428 /* PEGKit.framework */ = {isa = PBXFileReference; lastKnownFileType = wrapper.framework; name = PEGKit.framework; path = Carthage/Build/tvOS/PEGKit.framework; sourceTree = "<group>"; };
		6C3F07E81D33D2D100166A39 /* STMatcherFactoryTests.m */ = {isa = PBXFileReference; fileEncoding = 4; lastKnownFileType = sourcecode.c.objc; path = STMatcherFactoryTests.m; sourceTree = "<group>"; };
		6C3F07EA1D33DF5000166A39 /* Cartfile */ = {isa = PBXFileReference; fileEncoding = 4; lastKnownFileType = text; path = Cartfile; sourceTree = "<group>"; };
		6C3F07EC1D33E02C00166A39 /* OCMock.framework */ = {isa = PBXFileReference; lastKnownFileType = wrapper.framework; name = OCMock.framework; path = Carthage/Build/iOS/OCMock.framework; sourceTree = "<group>"; };
		6C6879971B32F49A00091F87 /* STAbstractLogger.h */ = {isa = PBXFileReference; fileEncoding = 4; lastKnownFileType = sourcecode.c.h; lineEnding = 0; path = STAbstractLogger.h; sourceTree = "<group>"; xcLanguageSpecificationIdentifier = xcode.lang.objcpp; };
		6C6879981B32F49A00091F87 /* STAbstractLogger.m */ = {isa = PBXFileReference; fileEncoding = 4; lastKnownFileType = sourcecode.c.objc; lineEnding = 0; path = STAbstractLogger.m; sourceTree = "<group>"; xcLanguageSpecificationIdentifier = xcode.lang.objc; };
		6C8174301B3CDBA300342066 /* STCompareMatcher.h */ = {isa = PBXFileReference; fileEncoding = 4; lastKnownFileType = sourcecode.c.h; lineEnding = 0; path = STCompareMatcher.h; sourceTree = "<group>"; xcLanguageSpecificationIdentifier = xcode.lang.objcpp; };
		6C8174311B3CDBA300342066 /* STCompareMatcher.m */ = {isa = PBXFileReference; fileEncoding = 4; lastKnownFileType = sourcecode.c.objc; lineEnding = 0; path = STCompareMatcher.m; sourceTree = "<group>"; xcLanguageSpecificationIdentifier = xcode.lang.objc; };
		6C8174341B3CED7F00342066 /* STMatcher.h */ = {isa = PBXFileReference; fileEncoding = 4; lastKnownFileType = sourcecode.c.h; path = STMatcher.h; sourceTree = "<group>"; };
		6C8174361B3CEDDD00342066 /* STFilterMatcher.h */ = {isa = PBXFileReference; fileEncoding = 4; lastKnownFileType = sourcecode.c.h; lineEnding = 0; path = STFilterMatcher.h; sourceTree = "<group>"; xcLanguageSpecificationIdentifier = xcode.lang.objcpp; };
		6C8174371B3CEDDD00342066 /* STFilterMatcher.m */ = {isa = PBXFileReference; fileEncoding = 4; lastKnownFileType = sourcecode.c.objc; lineEnding = 0; path = STFilterMatcher.m; sourceTree = "<group>"; xcLanguageSpecificationIdentifier = xcode.lang.objc; };
		6C81743A1B3D204F00342066 /* STCompareMatcherTests.m */ = {isa = PBXFileReference; fileEncoding = 4; lastKnownFileType = sourcecode.c.objc; lineEnding = 0; path = STCompareMatcherTests.m; sourceTree = "<group>"; xcLanguageSpecificationIdentifier = xcode.lang.objc; };
		6C8AE1981B3A444F00DF2B9F /* STMacros.h */ = {isa = PBXFileReference; lastKnownFileType = sourcecode.c.h; lineEnding = 0; path = STMacros.h; sourceTree = "<group>"; xcLanguageSpecificationIdentifier = xcode.lang.objcpp; };
		6C8AE1991B3A466200DF2B9F /* StoryTeller.h */ = {isa = PBXFileReference; lastKnownFileType = sourcecode.c.h; lineEnding = 0; path = StoryTeller.h; sourceTree = "<group>"; xcLanguageSpecificationIdentifier = xcode.lang.objcpp; };
		6C8E92291B3BC41C00E6B6C4 /* STLogExpressionParserDelegate.h */ = {isa = PBXFileReference; fileEncoding = 4; lastKnownFileType = sourcecode.c.h; path = STLogExpressionParserDelegate.h; sourceTree = "<group>"; };
		6C8E922A1B3BC41C00E6B6C4 /* STLogExpressionParserDelegate.m */ = {isa = PBXFileReference; fileEncoding = 4; lastKnownFileType = sourcecode.c.objc; lineEnding = 0; path = STLogExpressionParserDelegate.m; sourceTree = "<group>"; xcLanguageSpecificationIdentifier = xcode.lang.objc; };
		6C9B50F71B32AC770004E06D /* StoryTellerTests.m */ = {isa = PBXFileReference; fileEncoding = 4; lastKnownFileType = sourcecode.c.objc; lineEnding = 0; path = StoryTellerTests.m; sourceTree = "<group>"; xcLanguageSpecificationIdentifier = xcode.lang.objc; };
		6C9B50F91B32ACB30004E06D /* InMemoryLogger.h */ = {isa = PBXFileReference; fileEncoding = 4; lastKnownFileType = sourcecode.c.h; lineEnding = 0; path = InMemoryLogger.h; sourceTree = "<group>"; xcLanguageSpecificationIdentifier = xcode.lang.objcpp; };
		6C9B50FA1B32ACB30004E06D /* InMemoryLogger.m */ = {isa = PBXFileReference; fileEncoding = 4; lastKnownFileType = sourcecode.c.objc; path = InMemoryLogger.m; sourceTree = "<group>"; };
		6C9E1A611B44CABA00763905 /* MainClass.h */ = {isa = PBXFileReference; fileEncoding = 4; lastKnownFileType = sourcecode.c.h; path = MainClass.h; sourceTree = "<group>"; };
		6C9E1A621B44CABA00763905 /* MainClass.m */ = {isa = PBXFileReference; fileEncoding = 4; lastKnownFileType = sourcecode.c.objc; path = MainClass.m; sourceTree = "<group>"; };
		6C9E1A641B44CB0A00763905 /* AProtocol.h */ = {isa = PBXFileReference; fileEncoding = 4; lastKnownFileType = sourcecode.c.h; path = AProtocol.h; sourceTree = "<group>"; };
		6C9E1A651B44CB5B00763905 /* SubClass.h */ = {isa = PBXFileReference; fileEncoding = 4; lastKnownFileType = sourcecode.c.h; path = SubClass.h; sourceTree = "<group>"; };
		6C9E1A661B44CB5B00763905 /* SubClass.m */ = {isa = PBXFileReference; fileEncoding = 4; lastKnownFileType = sourcecode.c.objc; path = SubClass.m; sourceTree = "<group>"; };
		6C9E1A691B44CBC500763905 /* OptionsTests.m */ = {isa = PBXFileReference; fileEncoding = 4; lastKnownFileType = sourcecode.c.objc; lineEnding = 0; path = OptionsTests.m; sourceTree = "<group>"; xcLanguageSpecificationIdentifier = xcode.lang.objc; };
		6C9E1A6B1B44CC2200763905 /* SimpleValueTests.m */ = {isa = PBXFileReference; fileEncoding = 4; lastKnownFileType = sourcecode.c.objc; lineEnding = 0; path = SimpleValueTests.m; sourceTree = "<group>"; xcLanguageSpecificationIdentifier = xcode.lang.objc; };
		6C9E1A6D1B44CD4500763905 /* ClassTests.m */ = {isa = PBXFileReference; fileEncoding = 4; lastKnownFileType = sourcecode.c.objc; lineEnding = 0; path = ClassTests.m; sourceTree = "<group>"; xcLanguageSpecificationIdentifier = xcode.lang.objc; };
		6C9E1A6F1B44CD7A00763905 /* ProtocolTests.m */ = {isa = PBXFileReference; fileEncoding = 4; lastKnownFileType = sourcecode.c.objc; lineEnding = 0; path = ProtocolTests.m; sourceTree = "<group>"; xcLanguageSpecificationIdentifier = xcode.lang.objc; };
		6C9E1A711B44CE0300763905 /* ExpectsStringTests.m */ = {isa = PBXFileReference; fileEncoding = 4; lastKnownFileType = sourcecode.c.objc; lineEnding = 0; path = ExpectsStringTests.m; sourceTree = "<group>"; xcLanguageSpecificationIdentifier = xcode.lang.objc; };
		6C9E1A731B44CEB900763905 /* PropertiesTests.m */ = {isa = PBXFileReference; fileEncoding = 4; lastKnownFileType = sourcecode.c.objc; lineEnding = 0; path = PropertiesTests.m; sourceTree = "<group>"; xcLanguageSpecificationIdentifier = xcode.lang.objc; };
		6C9E1A751B44CF3900763905 /* ExpectsNumberTests.m */ = {isa = PBXFileReference; fileEncoding = 4; lastKnownFileType = sourcecode.c.objc; lineEnding = 0; path = ExpectsNumberTests.m; sourceTree = "<group>"; xcLanguageSpecificationIdentifier = xcode.lang.objc; };
		6C9E1A771B44CF8B00763905 /* ExpectsNilTests.m */ = {isa = PBXFileReference; fileEncoding = 4; lastKnownFileType = sourcecode.c.objc; lineEnding = 0; path = ExpectsNilTests.m; sourceTree = "<group>"; xcLanguageSpecificationIdentifier = xcode.lang.objc; };
		6C9E1A791B44D00600763905 /* ExpectsBooleanTests.m */ = {isa = PBXFileReference; fileEncoding = 4; lastKnownFileType = sourcecode.c.objc; lineEnding = 0; path = ExpectsBooleanTests.m; sourceTree = "<group>"; xcLanguageSpecificationIdentifier = xcode.lang.objc; };
		6C9E1A7B1B44D05200763905 /* ExpectsClassTests.m */ = {isa = PBXFileReference; fileEncoding = 4; lastKnownFileType = sourcecode.c.objc; lineEnding = 0; path = ExpectsClassTests.m; sourceTree = "<group>"; xcLanguageSpecificationIdentifier = xcode.lang.objc; };
		6C9E1A7D1B44D0C100763905 /* ExpectsProtocolTests.m */ = {isa = PBXFileReference; fileEncoding = 4; lastKnownFileType = sourcecode.c.objc; lineEnding = 0; path = ExpectsProtocolTests.m; sourceTree = "<group>"; xcLanguageSpecificationIdentifier = xcode.lang.objc; };
		6CA7DF031B3A61D7002491FF /* STLogExpressionParser.h */ = {isa = PBXFileReference; fileEncoding = 4; lastKnownFileType = sourcecode.c.h; path = STLogExpressionParser.h; sourceTree = "<group>"; };
		6CA7DF041B3A61D7002491FF /* STLogExpressionParser.m */ = {isa = PBXFileReference; fileEncoding = 4; lastKnownFileType = sourcecode.c.objc; lineEnding = 0; path = STLogExpressionParser.m; sourceTree = "<group>"; xcLanguageSpecificationIdentifier = xcode.lang.objc; };
		6CBABD1F1D5B48A400E44EC4 /* STInternalMacros.h */ = {isa = PBXFileReference; lastKnownFileType = sourcecode.c.h; path = STInternalMacros.h; sourceTree = "<group>"; };
		6CC458A71B4FEBD700FA0EA9 /* STMatcherFactory.h */ = {isa = PBXFileReference; fileEncoding = 4; lastKnownFileType = sourcecode.c.h; lineEnding = 0; path = STMatcherFactory.h; sourceTree = "<group>"; xcLanguageSpecificationIdentifier = xcode.lang.objcpp; };
		6CC458A81B4FEBD700FA0EA9 /* STMatcherFactory.m */ = {isa = PBXFileReference; fileEncoding = 4; lastKnownFileType = sourcecode.c.objc; lineEnding = 0; path = STMatcherFactory.m; sourceTree = "<group>"; xcLanguageSpecificationIdentifier = xcode.lang.objc; };
		6CCFFA7B1B33CB5F00D2F371 /* STDeallocHook.h */ = {isa = PBXFileReference; fileEncoding = 4; lastKnownFileType = sourcecode.c.h; path = STDeallocHook.h; sourceTree = "<group>"; };
		6CCFFA7C1B33CB5F00D2F371 /* STDeallocHook.m */ = {isa = PBXFileReference; fileEncoding = 4; lastKnownFileType = sourcecode.c.objc; lineEnding = 0; path = STDeallocHook.m; sourceTree = "<group>"; xcLanguageSpecificationIdentifier = xcode.lang.objc; };
		6CD10E441D5D9789001D3507 /* StoryTeller.framework */ = {isa = PBXFileReference; explicitFileType = wrapper.framework; includeInIndex = 0; path = StoryTeller.framework; sourceTree = BUILT_PRODUCTS_DIR; };
		6CD18DFF1B32A4EF002C9806 /* STLogger.h */ = {isa = PBXFileReference; fileEncoding = 4; lastKnownFileType = sourcecode.c.h; path = STLogger.h; sourceTree = "<group>"; };
		6CD18E001B32A5B8002C9806 /* STConsoleLogger.h */ = {isa = PBXFileReference; fileEncoding = 4; lastKnownFileType = sourcecode.c.h; lineEnding = 0; path = STConsoleLogger.h; sourceTree = "<group>"; xcLanguageSpecificationIdentifier = xcode.lang.objcpp; };
		6CD18E011B32A5B8002C9806 /* STConsoleLogger.m */ = {isa = PBXFileReference; fileEncoding = 4; lastKnownFileType = sourcecode.c.objc; lineEnding = 0; path = STConsoleLogger.m; sourceTree = "<group>"; xcLanguageSpecificationIdentifier = xcode.lang.objc; };
		6CD938401B384AB5005B0B5D /* STConfigTests.m */ = {isa = PBXFileReference; fileEncoding = 4; lastKnownFileType = sourcecode.c.objc; lineEnding = 0; path = STConfigTests.m; sourceTree = "<group>"; xcLanguageSpecificationIdentifier = xcode.lang.objc; };
		6CE5C3E71B329BD100F0A470 /* STStoryTeller.h */ = {isa = PBXFileReference; lastKnownFileType = sourcecode.c.h; lineEnding = 0; path = STStoryTeller.h; sourceTree = "<group>"; xcLanguageSpecificationIdentifier = xcode.lang.objcpp; };
		6CE5C3E91B329BD100F0A470 /* STStoryTeller.m */ = {isa = PBXFileReference; lastKnownFileType = sourcecode.c.objc; lineEnding = 0; path = STStoryTeller.m; sourceTree = "<group>"; xcLanguageSpecificationIdentifier = xcode.lang.objc; };
		6CE5C3EF1B329BD100F0A470 /* StoryTellerTests.xctest */ = {isa = PBXFileReference; explicitFileType = wrapper.cfbundle; includeInIndex = 0; path = StoryTellerTests.xctest; sourceTree = BUILT_PRODUCTS_DIR; };
		6CE5C3F41B329BD100F0A470 /* Info.plist */ = {isa = PBXFileReference; lastKnownFileType = text.plist.xml; path = Info.plist; sourceTree = "<group>"; };
		F4325ED51CEEC896001A9FD6 /* module.modulemap */ = {isa = PBXFileReference; fileEncoding = 4; lastKnownFileType = "sourcecode.module-map"; path = module.modulemap; sourceTree = "<group>"; };
		F4325ED61CEEC8A4001A9FD6 /* module.private.modulemap */ = {isa = PBXFileReference; fileEncoding = 4; lastKnownFileType = "sourcecode.module-map"; path = module.private.modulemap; sourceTree = "<group>"; };
/* End PBXFileReference section */

/* Begin PBXFrameworksBuildPhase section */
		6C158E101B38269D00119725 /* Frameworks */ = {
			isa = PBXFrameworksBuildPhase;
			buildActionMask = 2147483647;
			files = (
				6C0747D71BE9F28F0096BF85 /* PEGKit.framework in Frameworks */,
			);
			runOnlyForDeploymentPostprocessing = 0;
		};
		6CD10E401D5D9789001D3507 /* Frameworks */ = {
			isa = PBXFrameworksBuildPhase;
			buildActionMask = 2147483647;
			files = (
				6CD10E4C1D5D9B13001D3507 /* PEGKit.framework in Frameworks */,
			);
			runOnlyForDeploymentPostprocessing = 0;
		};
		6CE5C3EC1B329BD100F0A470 /* Frameworks */ = {
			isa = PBXFrameworksBuildPhase;
			buildActionMask = 2147483647;
			files = (
				6C7160881D65784000B355F4 /* StoryTeller.framework in Frameworks */,
				6CA4E2BA1D375FF4000C68C9 /* OCMock.framework in Frameworks */,
				6C0747D61BE9F2720096BF85 /* PEGKit.framework in Frameworks */,
			);
			runOnlyForDeploymentPostprocessing = 0;
		};
/* End PBXFrameworksBuildPhase section */

/* Begin PBXGroup section */
		6C0A55FF1B38DFB4006E0A4A /* Resources */ = {
			isa = PBXGroup;
			children = (
				6C158E181B38269D00119725 /* Info.plist */,
			);
			name = Resources;
			sourceTree = "<group>";
		};
		6C14E9541B3BEF4B005EBE15 /* Matchers */ = {
			isa = PBXGroup;
			children = (
				6C8174341B3CED7F00342066 /* STMatcher.h */,
				6C8174301B3CDBA300342066 /* STCompareMatcher.h */,
				6C8174311B3CDBA300342066 /* STCompareMatcher.m */,
				6C8174361B3CEDDD00342066 /* STFilterMatcher.h */,
				6C8174371B3CEDDD00342066 /* STFilterMatcher.m */,
				6CC458A71B4FEBD700FA0EA9 /* STMatcherFactory.h */,
				6CC458A81B4FEBD700FA0EA9 /* STMatcherFactory.m */,
			);
			name = Matchers;
			sourceTree = "<group>";
		};
		6C158DE41B38207100119725 /* Internal */ = {
			isa = PBXGroup;
			children = (
				6C14E9541B3BEF4B005EBE15 /* Matchers */,
				6C158DE01B38206600119725 /* STConfig.h */,
				6C158DE11B38206600119725 /* STConfig.m */,
				6CCFFA7B1B33CB5F00D2F371 /* STDeallocHook.h */,
				6CCFFA7C1B33CB5F00D2F371 /* STDeallocHook.m */,
				6C8E92291B3BC41C00E6B6C4 /* STLogExpressionParserDelegate.h */,
				6C8E922A1B3BC41C00E6B6C4 /* STLogExpressionParserDelegate.m */,
				6CA7DF031B3A61D7002491FF /* STLogExpressionParser.h */,
				6CA7DF041B3A61D7002491FF /* STLogExpressionParser.m */,
				6CBABD1F1D5B48A400E44EC4 /* STInternalMacros.h */,
			);
			name = Internal;
			sourceTree = "<group>";
		};
		6C7160851D65723900B355F4 /* iOS */ = {
			isa = PBXGroup;
			children = (
				6C3F07EC1D33E02C00166A39 /* OCMock.framework */,
				6C0747D51BE9F2720096BF85 /* PEGKit.framework */,
			);
			name = iOS;
			sourceTree = "<group>";
		};
		6C7160861D65723E00B355F4 /* tvOS */ = {
			isa = PBXGroup;
			children = (
				6C34C9D91D5D8F320080D428 /* PEGKit.framework */,
			);
			name = tvOS;
			sourceTree = "<group>";
		};
		6C9E1A601B44CAA500763905 /* Test classes */ = {
			isa = PBXGroup;
			children = (
				6C9E1A611B44CABA00763905 /* MainClass.h */,
				6C9E1A621B44CABA00763905 /* MainClass.m */,
				6C9E1A641B44CB0A00763905 /* AProtocol.h */,
				6C9E1A651B44CB5B00763905 /* SubClass.h */,
				6C9E1A661B44CB5B00763905 /* SubClass.m */,
			);
			name = "Test classes";
			sourceTree = "<group>";
		};
		6C9E1A681B44CB9D00763905 /* Expression parser tests */ = {
			isa = PBXGroup;
			children = (
				6C9E1A6D1B44CD4500763905 /* ClassTests.m */,
				6C9E1A771B44CF8B00763905 /* ExpectsNilTests.m */,
				6C9E1A751B44CF3900763905 /* ExpectsNumberTests.m */,
				6C9E1A711B44CE0300763905 /* ExpectsStringTests.m */,
				6C9E1A691B44CBC500763905 /* OptionsTests.m */,
				6C9E1A731B44CEB900763905 /* PropertiesTests.m */,
				6C9E1A6F1B44CD7A00763905 /* ProtocolTests.m */,
				6C9E1A6B1B44CC2200763905 /* SimpleValueTests.m */,
				6C9E1A791B44D00600763905 /* ExpectsBooleanTests.m */,
				6C9E1A7B1B44D05200763905 /* ExpectsClassTests.m */,
				6C9E1A7D1B44D0C100763905 /* ExpectsProtocolTests.m */,
			);
			name = "Expression parser tests";
			sourceTree = "<group>";
		};
		6CC81B3F1B3C1C6F00E890CE /* Matchers */ = {
			isa = PBXGroup;
			children = (
				6C81743A1B3D204F00342066 /* STCompareMatcherTests.m */,
				6C3F07E81D33D2D100166A39 /* STMatcherFactoryTests.m */,
			);
			name = Matchers;
			sourceTree = "<group>";
		};
		6CCFFA7F1B33EC1F00D2F371 /* Loggers */ = {
			isa = PBXGroup;
			children = (
				6CD18DFF1B32A4EF002C9806 /* STLogger.h */,
				6CD18E001B32A5B8002C9806 /* STConsoleLogger.h */,
				6CD18E011B32A5B8002C9806 /* STConsoleLogger.m */,
				6C6879971B32F49A00091F87 /* STAbstractLogger.h */,
				6C6879981B32F49A00091F87 /* STAbstractLogger.m */,
			);
			name = Loggers;
			sourceTree = "<group>";
		};
		6CCFFA801B33EC3600D2F371 /* Loggers */ = {
			isa = PBXGroup;
			children = (
				6C9B50F91B32ACB30004E06D /* InMemoryLogger.h */,
				6C9B50FA1B32ACB30004E06D /* InMemoryLogger.m */,
			);
			name = Loggers;
			sourceTree = "<group>";
		};
		6CE5C3DB1B329BD100F0A470 = {
			isa = PBXGroup;
			children = (
				6C3F07EA1D33DF5000166A39 /* Cartfile */,
				F469EAC31CEAE53E00D9DD47 /* Frameworks */,
				F4325ED51CEEC896001A9FD6 /* module.modulemap */,
				F4325ED61CEEC8A4001A9FD6 /* module.private.modulemap */,
				6CE5C3E51B329BD100F0A470 /* Products */,
				6C0A55FF1B38DFB4006E0A4A /* Resources */,
				6CE5C3E61B329BD100F0A470 /* StoryTeller */,
				6CE5C3F31B329BD100F0A470 /* StoryTellerTests */,
			);
			sourceTree = "<group>";
		};
		6CE5C3E51B329BD100F0A470 /* Products */ = {
			isa = PBXGroup;
			children = (
				6CE5C3EF1B329BD100F0A470 /* StoryTellerTests.xctest */,
				6C158E141B38269D00119725 /* StoryTeller.framework */,
				6CD10E441D5D9789001D3507 /* StoryTeller.framework */,
			);
			name = Products;
			sourceTree = "<group>";
		};
		6CE5C3E61B329BD100F0A470 /* StoryTeller */ = {
			isa = PBXGroup;
			children = (
				6C158DE41B38207100119725 /* Internal */,
				6CCFFA7F1B33EC1F00D2F371 /* Loggers */,
				6CE5C3E71B329BD100F0A470 /* STStoryTeller.h */,
				6CE5C3E91B329BD100F0A470 /* STStoryTeller.m */,
				6C8AE1981B3A444F00DF2B9F /* STMacros.h */,
				6C8AE1991B3A466200DF2B9F /* StoryTeller.h */,
			);
			path = StoryTeller;
			sourceTree = "<group>";
		};
		6CE5C3F31B329BD100F0A470 /* StoryTellerTests */ = {
			isa = PBXGroup;
			children = (
				6C9E1A681B44CB9D00763905 /* Expression parser tests */,
				6C9E1A601B44CAA500763905 /* Test classes */,
				6CC81B3F1B3C1C6F00E890CE /* Matchers */,
				6CE5C3F41B329BD100F0A470 /* Info.plist */,
				6CCFFA801B33EC3600D2F371 /* Loggers */,
				6CD938401B384AB5005B0B5D /* STConfigTests.m */,
				6C158DE51B3820F100119725 /* StoryTellerConfig.json */,
				6C9B50F71B32AC770004E06D /* StoryTellerTests.m */,
			);
			path = StoryTellerTests;
			sourceTree = "<group>";
		};
		F469EAC31CEAE53E00D9DD47 /* Frameworks */ = {
			isa = PBXGroup;
			children = (
				6C7160861D65723E00B355F4 /* tvOS */,
				6C7160851D65723900B355F4 /* iOS */,
			);
			name = Frameworks;
			sourceTree = "<group>";
		};
/* End PBXGroup section */

/* Begin PBXHeadersBuildPhase section */
		6C158E111B38269D00119725 /* Headers */ = {
			isa = PBXHeadersBuildPhase;
			buildActionMask = 2147483647;
			files = (
				F469EAD11CEAEB6800D9DD47 /* STCompareMatcher.h in Headers */,
				F469EAD91CEAEB6800D9DD47 /* STConsoleLogger.h in Headers */,
				F469EAD61CEAEB6800D9DD47 /* STLogExpressionParserDelegate.h in Headers */,
				F469EAD51CEAEB6800D9DD47 /* STDeallocHook.h in Headers */,
				F469EAD71CEAEB6800D9DD47 /* STLogExpressionParser.h in Headers */,
				F469EAD81CEAEB6800D9DD47 /* STLogger.h in Headers */,
				F469EAD01CEAEB6800D9DD47 /* STMatcher.h in Headers */,
				F469EAD21CEAEB6800D9DD47 /* STFilterMatcher.h in Headers */,
				F469EAD41CEAEB6800D9DD47 /* STConfig.h in Headers */,
				F469EADB1CEAEB6800D9DD47 /* STStoryTeller.h in Headers */,
				F469EADA1CEAEB6800D9DD47 /* STAbstractLogger.h in Headers */,
				F469EAD31CEAEB6800D9DD47 /* STMatcherFactory.h in Headers */,
				6CD10E661D5D9BF5001D3507 /* STInternalMacros.h in Headers */,
				F469EADD1CEAEB6800D9DD47 /* StoryTeller.h in Headers */,
				F469EADC1CEAEB6800D9DD47 /* STMacros.h in Headers */,
			);
			runOnlyForDeploymentPostprocessing = 0;
		};
		6CD10E411D5D9789001D3507 /* Headers */ = {
			isa = PBXHeadersBuildPhase;
			buildActionMask = 2147483647;
			files = (
				6CD10E611D5D9BB6001D3507 /* STConsoleLogger.h in Headers */,
				6CD10E601D5D9BB6001D3507 /* STLogger.h in Headers */,
				6CD10E621D5D9BB6001D3507 /* STAbstractLogger.h in Headers */,
				6CD10E651D5D9BB6001D3507 /* StoryTeller.h in Headers */,
				6CD10E641D5D9BB6001D3507 /* STMacros.h in Headers */,
				6CD10E631D5D9BB6001D3507 /* STStoryTeller.h in Headers */,
				6CD10E571D5D9BB6001D3507 /* STMatcher.h in Headers */,
				6CD10E581D5D9BB6001D3507 /* STCompareMatcher.h in Headers */,
				6CD10E591D5D9BB6001D3507 /* STFilterMatcher.h in Headers */,
				6CD10E5A1D5D9BB6001D3507 /* STMatcherFactory.h in Headers */,
				6CD10E5B1D5D9BB6001D3507 /* STConfig.h in Headers */,
				6CD10E5C1D5D9BB6001D3507 /* STDeallocHook.h in Headers */,
				6CD10E5D1D5D9BB6001D3507 /* STLogExpressionParserDelegate.h in Headers */,
				6CD10E5E1D5D9BB6001D3507 /* STLogExpressionParser.h in Headers */,
				6CD10E5F1D5D9BB6001D3507 /* STInternalMacros.h in Headers */,
			);
			runOnlyForDeploymentPostprocessing = 0;
		};
/* End PBXHeadersBuildPhase section */

/* Begin PBXNativeTarget section */
		6C158E131B38269D00119725 /* StoryTeller iOS */ = {
			isa = PBXNativeTarget;
			buildConfigurationList = 6C158E251B38269D00119725 /* Build configuration list for PBXNativeTarget "StoryTeller iOS" */;
			buildPhases = (
				6C158E0F1B38269D00119725 /* Sources */,
				6C158E101B38269D00119725 /* Frameworks */,
				6C158E111B38269D00119725 /* Headers */,
				6CFF3BD31B709D7E00538BA1 /* Appledoc */,
			);
			buildRules = (
			);
			dependencies = (
			);
			name = "StoryTeller iOS";
			productName = StoryTeller;
			productReference = 6C158E141B38269D00119725 /* StoryTeller.framework */;
			productType = "com.apple.product-type.framework";
		};
		6CD10E431D5D9789001D3507 /* StoryTeller tvOS */ = {
			isa = PBXNativeTarget;
			buildConfigurationList = 6CD10E4B1D5D9789001D3507 /* Build configuration list for PBXNativeTarget "StoryTeller tvOS" */;
			buildPhases = (
				6CD10E3F1D5D9789001D3507 /* Sources */,
				6CD10E401D5D9789001D3507 /* Frameworks */,
				6CD10E411D5D9789001D3507 /* Headers */,
			);
			buildRules = (
			);
			dependencies = (
			);
			name = "StoryTeller tvOS";
			productName = tmp;
			productReference = 6CD10E441D5D9789001D3507 /* StoryTeller.framework */;
			productType = "com.apple.product-type.framework";
		};
		6CE5C3EE1B329BD100F0A470 /* StoryTellerTests */ = {
			isa = PBXNativeTarget;
			buildConfigurationList = 6CE5C3FA1B329BD100F0A470 /* Build configuration list for PBXNativeTarget "StoryTellerTests" */;
			buildPhases = (
				6CE5C3EB1B329BD100F0A470 /* Sources */,
				6CE5C3EC1B329BD100F0A470 /* Frameworks */,
				6CE5C3ED1B329BD100F0A470 /* Resources */,
				6C3F07EF1D33E04C00166A39 /* Copy frameworks */,
			);
			buildRules = (
			);
			dependencies = (
				6C158E381B38282100119725 /* PBXTargetDependency */,
			);
			name = StoryTellerTests;
			productName = StoryTellerTests;
			productReference = 6CE5C3EF1B329BD100F0A470 /* StoryTellerTests.xctest */;
			productType = "com.apple.product-type.bundle.unit-test";
		};
/* End PBXNativeTarget section */

/* Begin PBXProject section */
		6CE5C3DC1B329BD100F0A470 /* Project object */ = {
			isa = PBXProject;
			attributes = {
				CLASSPREFIX = ST;
				LastUpgradeCheck = 0730;
				ORGANIZATIONNAME = "Derek Clarkson";
				TargetAttributes = {
					6C158E131B38269D00119725 = {
						CreatedOnToolsVersion = 7.0;
					};
					6CD10E431D5D9789001D3507 = {
						CreatedOnToolsVersion = 7.3.1;
					};
					6CE5C3EE1B329BD100F0A470 = {
						CreatedOnToolsVersion = 7.0;
					};
				};
			};
			buildConfigurationList = 6CE5C3DF1B329BD100F0A470 /* Build configuration list for PBXProject "StoryTeller" */;
			compatibilityVersion = "Xcode 8.0";
			developmentRegion = English;
			hasScannedForEncodings = 0;
			knownRegions = (
				en,
			);
			mainGroup = 6CE5C3DB1B329BD100F0A470;
			productRefGroup = 6CE5C3E51B329BD100F0A470 /* Products */;
			projectDirPath = "";
			projectRoot = "";
			targets = (
				6CE5C3EE1B329BD100F0A470 /* StoryTellerTests */,
				6C158E131B38269D00119725 /* StoryTeller iOS */,
				6CD10E431D5D9789001D3507 /* StoryTeller tvOS */,
			);
		};
/* End PBXProject section */

/* Begin PBXResourcesBuildPhase section */
		6CE5C3ED1B329BD100F0A470 /* Resources */ = {
			isa = PBXResourcesBuildPhase;
			buildActionMask = 2147483647;
			files = (
				6C3F07EB1D33DF5000166A39 /* Cartfile in Resources */,
				6C7145631B4425BE00EBC055 /* StoryTellerConfig.json in Resources */,
			);
			runOnlyForDeploymentPostprocessing = 0;
		};
/* End PBXResourcesBuildPhase section */

/* Begin PBXShellScriptBuildPhase section */
		6C3F07EF1D33E04C00166A39 /* Copy frameworks */ = {
			isa = PBXShellScriptBuildPhase;
			buildActionMask = 2147483647;
			files = (
			);
			inputPaths = (
				"$(SRCROOT)/Carthage/Build/iOS/OCMock.framework",
				"$(SRCROOT)/Carthage/Build/iOS/PEGKit.framework",
			);
			name = "Copy frameworks";
			outputPaths = (
			);
			runOnlyForDeploymentPostprocessing = 0;
			shellPath = /bin/sh;
			shellScript = "carthage copy-frameworks";
		};
		6CFF3BD31B709D7E00538BA1 /* Appledoc */ = {
			isa = PBXShellScriptBuildPhase;
			buildActionMask = 2147483647;
			files = (
			);
			inputPaths = (
			);
			name = Appledoc;
			outputPaths = (
			);
			runOnlyForDeploymentPostprocessing = 0;
			shellPath = /bin/bash;
			shellScript = "\nexit 0\n\n# Disabling because it seems to be a bit flakey.\necho \"Executing appledoc in dir $PWD ...\"\n\"${PROJECT_DIR}/External/appledoc-2.2.1/appledoc\" \\\n--project-name \"Story Teller\" \\\n--project-company \"Derek Clarkson\" \\\n--company-id au.com.derekclarkson \\\n--output ~/help \\\n--logformat xcode \\\n--keep-undocumented-objects \\\n--keep-undocumented-members \\\n--search-undocumented-doc \\\n--preprocess-headerdoc \\\n--no-repeat-first-par \\\n--exit-threshold 2 \\\n--ignore .m \\\n--ignore STLogExpressionParser.h \\\nStoryTeller\n";
			showEnvVarsInLog = 0;
		};
/* End PBXShellScriptBuildPhase section */

/* Begin PBXSourcesBuildPhase section */
		6C158E0F1B38269D00119725 /* Sources */ = {
			isa = PBXSourcesBuildPhase;
			buildActionMask = 2147483647;
			files = (
				6C158E2B1B38277200119725 /* STConfig.m in Sources */,
				6C8174331B3CDBA300342066 /* STCompareMatcher.m in Sources */,
				6C158E2C1B38277200119725 /* STDeallocHook.m in Sources */,
				6C8E922C1B3BC41C00E6B6C4 /* STLogExpressionParserDelegate.m in Sources */,
				6C158E2D1B38277200119725 /* STConsoleLogger.m in Sources */,
				6C8174391B3CEDDD00342066 /* STFilterMatcher.m in Sources */,
				6CC458AA1B4FEBD700FA0EA9 /* STMatcherFactory.m in Sources */,
				6C158E2E1B38277200119725 /* STAbstractLogger.m in Sources */,
				6CA7DF061B3A61D7002491FF /* STLogExpressionParser.m in Sources */,
				6C158E2F1B38277200119725 /* STStoryTeller.m in Sources */,
			);
			runOnlyForDeploymentPostprocessing = 0;
		};
		6CD10E3F1D5D9789001D3507 /* Sources */ = {
			isa = PBXSourcesBuildPhase;
			buildActionMask = 2147483647;
			files = (
				6CD10E501D5D9B37001D3507 /* STLogExpressionParser.m in Sources */,
				6CD10E511D5D9B37001D3507 /* STConsoleLogger.m in Sources */,
				6CD10E4E1D5D9B37001D3507 /* STDeallocHook.m in Sources */,
				6CD10E531D5D9B37001D3507 /* STStoryTeller.m in Sources */,
				6CD10E4F1D5D9B37001D3507 /* STLogExpressionParserDelegate.m in Sources */,
				6CD10E551D5D9B3E001D3507 /* STFilterMatcher.m in Sources */,
				6CD10E561D5D9B3E001D3507 /* STMatcherFactory.m in Sources */,
				6CD10E521D5D9B37001D3507 /* STAbstractLogger.m in Sources */,
				6CD10E4D1D5D9B37001D3507 /* STConfig.m in Sources */,
				6CD10E541D5D9B3E001D3507 /* STCompareMatcher.m in Sources */,
			);
			runOnlyForDeploymentPostprocessing = 0;
		};
		6CE5C3EB1B329BD100F0A470 /* Sources */ = {
			isa = PBXSourcesBuildPhase;
			buildActionMask = 2147483647;
			files = (
				6C9E1A631B44CABA00763905 /* MainClass.m in Sources */,
				6C9E1A7E1B44D0C100763905 /* ExpectsProtocolTests.m in Sources */,
				6C9E1A761B44CF3900763905 /* ExpectsNumberTests.m in Sources */,
				6C9B50F81B32AC770004E06D /* StoryTellerTests.m in Sources */,
				6CD938411B384AB5005B0B5D /* STConfigTests.m in Sources */,
				6C9E1A6A1B44CBC500763905 /* OptionsTests.m in Sources */,
				6C81743B1B3D204F00342066 /* STCompareMatcherTests.m in Sources */,
				6C9E1A721B44CE0300763905 /* ExpectsStringTests.m in Sources */,
				6C9E1A6E1B44CD4500763905 /* ClassTests.m in Sources */,
				6C9E1A741B44CEB900763905 /* PropertiesTests.m in Sources */,
				6C9E1A701B44CD7A00763905 /* ProtocolTests.m in Sources */,
				6C9E1A671B44CB5B00763905 /* SubClass.m in Sources */,
				6C9B50FB1B32ACB30004E06D /* InMemoryLogger.m in Sources */,
				6C3F07E91D33D2D100166A39 /* STMatcherFactoryTests.m in Sources */,
				6C9E1A7A1B44D00600763905 /* ExpectsBooleanTests.m in Sources */,
				6C9E1A7C1B44D05200763905 /* ExpectsClassTests.m in Sources */,
				6C9E1A781B44CF8B00763905 /* ExpectsNilTests.m in Sources */,
				6C9E1A6C1B44CC2200763905 /* SimpleValueTests.m in Sources */,
			);
			runOnlyForDeploymentPostprocessing = 0;
		};
/* End PBXSourcesBuildPhase section */

/* Begin PBXTargetDependency section */
		6C158E381B38282100119725 /* PBXTargetDependency */ = {
			isa = PBXTargetDependency;
			target = 6C158E131B38269D00119725 /* StoryTeller iOS */;
			targetProxy = 6C158E371B38282100119725 /* PBXContainerItemProxy */;
		};
/* End PBXTargetDependency section */

/* Begin XCBuildConfiguration section */
		6C158E261B38269D00119725 /* Debug */ = {
			isa = XCBuildConfiguration;
			buildSettings = {
				CODE_SIGN_IDENTITY = "iPhone Developer";
				CURRENT_PROJECT_VERSION = 1.7;
				DEFINES_MODULE = YES;
				DYLIB_COMPATIBILITY_VERSION = 1;
				DYLIB_CURRENT_VERSION = $CURRENT_PROJECT_VERSION;
				DYLIB_INSTALL_NAME_BASE = "@rpath";
				FRAMEWORK_SEARCH_PATHS = (
					"$(inherited)",
					"$(PROJECT_DIR)/Carthage/Build/iOS",
				);
				HEADER_SEARCH_PATHS = (
					"$(inherited)",
					"$(PROJECT_DIR)/Carthage/Build/iOS",
				);
				INFOPLIST_FILE = StoryTeller/Info.plist;
				INSTALL_PATH = "@rpath";
				LD_RUNPATH_SEARCH_PATHS = "$(inherited) @executable_path/Frameworks @loader_path/Frameworks";
				MODULEMAP_FILE = module.modulemap;
				MODULEMAP_PRIVATE_FILE = module.private.modulemap;
				PRODUCT_NAME = StoryTeller;
				SKIP_INSTALL = YES;
				VERSIONING_SYSTEM = "apple-generic";
				VERSION_INFO_PREFIX = "";
			};
			name = Debug;
		};
		6C158E271B38269D00119725 /* Release */ = {
			isa = XCBuildConfiguration;
			buildSettings = {
				CODE_SIGN_IDENTITY = "iPhone Distribution";
				CURRENT_PROJECT_VERSION = 1.7;
				DEFINES_MODULE = YES;
				DYLIB_COMPATIBILITY_VERSION = 1;
				DYLIB_CURRENT_VERSION = $CURRENT_PROJECT_VERSION;
				DYLIB_INSTALL_NAME_BASE = "@rpath";
				FRAMEWORK_SEARCH_PATHS = (
					"$(inherited)",
					"$(PROJECT_DIR)/Carthage/Build/iOS",
				);
				HEADER_SEARCH_PATHS = (
					"$(inherited)",
					"$(PROJECT_DIR)/Carthage/Build/iOS",
				);
				INFOPLIST_FILE = StoryTeller/Info.plist;
				INSTALL_PATH = "@rpath";
				LD_RUNPATH_SEARCH_PATHS = "$(inherited) @executable_path/Frameworks @loader_path/Frameworks";
				MODULEMAP_FILE = module.modulemap;
				MODULEMAP_PRIVATE_FILE = module.private.modulemap;
				PRODUCT_NAME = StoryTeller;
				SKIP_INSTALL = YES;
				VERSIONING_SYSTEM = "apple-generic";
				VERSION_INFO_PREFIX = "";
			};
			name = Release;
		};
		6CD10E491D5D9789001D3507 /* Debug */ = {
			isa = XCBuildConfiguration;
			buildSettings = {
				CLANG_ANALYZER_NONNULL = YES;
				CLANG_CXX_LANGUAGE_STANDARD = "gnu++0x";
				CLANG_CXX_LIBRARY = "libc++";
				CURRENT_PROJECT_VERSION = 1;
				DEFINES_MODULE = YES;
				DYLIB_COMPATIBILITY_VERSION = 1;
				DYLIB_CURRENT_VERSION = 1;
				DYLIB_INSTALL_NAME_BASE = "@rpath";
				GCC_C_LANGUAGE_STANDARD = gnu99;
				HEADER_SEARCH_PATHS = (
					"$(inherited)",
					"$(PROJECT_DIR)/Carthage/Build/tvOS",
				);
				INFOPLIST_FILE = StoryTeller/Info.plist;
				LD_RUNPATH_SEARCH_PATHS = "$(inherited) @executable_path/Frameworks @loader_path/Frameworks";
				PRODUCT_NAME = StoryTeller;
				SDKROOT = appletvos;
				SKIP_INSTALL = YES;
				TARGETED_DEVICE_FAMILY = 3;
				VERSIONING_SYSTEM = "apple-generic";
				VERSION_INFO_PREFIX = "";
			};
			name = Debug;
		};
		6CD10E4A1D5D9789001D3507 /* Release */ = {
			isa = XCBuildConfiguration;
			buildSettings = {
				CLANG_ANALYZER_NONNULL = YES;
				CLANG_CXX_LANGUAGE_STANDARD = "gnu++0x";
				CLANG_CXX_LIBRARY = "libc++";
				CURRENT_PROJECT_VERSION = 1;
				DEFINES_MODULE = YES;
				DYLIB_COMPATIBILITY_VERSION = 1;
				DYLIB_CURRENT_VERSION = 1;
				DYLIB_INSTALL_NAME_BASE = "@rpath";
				GCC_C_LANGUAGE_STANDARD = gnu99;
				HEADER_SEARCH_PATHS = (
					"$(inherited)",
					"$(PROJECT_DIR)/Carthage/Build/tvOS",
				);
				INFOPLIST_FILE = StoryTeller/Info.plist;
				LD_RUNPATH_SEARCH_PATHS = "$(inherited) @executable_path/Frameworks @loader_path/Frameworks";
				PRODUCT_NAME = StoryTeller;
				SDKROOT = appletvos;
				SKIP_INSTALL = YES;
				TARGETED_DEVICE_FAMILY = 3;
				VERSIONING_SYSTEM = "apple-generic";
				VERSION_INFO_PREFIX = "";
			};
			name = Release;
		};
		6CE5C3F51B329BD100F0A470 /* Debug */ = {
			isa = XCBuildConfiguration;
			buildSettings = {
				ALWAYS_SEARCH_USER_PATHS = NO;
				CLANG_ANALYZER_SECURITY_FLOATLOOPCOUNTER = YES;
				CLANG_ANALYZER_SECURITY_INSECUREAPI_STRCPY = YES;
				CLANG_CXX_LANGUAGE_STANDARD = "compiler-default";
				CLANG_CXX_LIBRARY = "compiler-default";
				CLANG_ENABLE_MODULES = YES;
				CLANG_ENABLE_OBJC_ARC = YES;
				CLANG_WARN_ASSIGN_ENUM = YES;
				CLANG_WARN_BOOL_CONVERSION = YES;
				CLANG_WARN_CONSTANT_CONVERSION = YES;
				CLANG_WARN_DEPRECATED_OBJC_IMPLEMENTATIONS = YES;
				CLANG_WARN_DIRECT_OBJC_ISA_USAGE = YES_ERROR;
				CLANG_WARN_EMPTY_BODY = YES;
				CLANG_WARN_ENUM_CONVERSION = YES;
				CLANG_WARN_IMPLICIT_SIGN_CONVERSION = YES;
				CLANG_WARN_INT_CONVERSION = YES;
				CLANG_WARN_OBJC_IMPLICIT_ATOMIC_PROPERTIES = YES;
				CLANG_WARN_OBJC_IMPLICIT_RETAIN_SELF = YES;
				CLANG_WARN_OBJC_MISSING_PROPERTY_SYNTHESIS = NO;
				CLANG_WARN_OBJC_REPEATED_USE_OF_WEAK = YES;
				CLANG_WARN_OBJC_ROOT_CLASS = YES_ERROR;
				CLANG_WARN_SUSPICIOUS_IMPLICIT_CONVERSION = YES;
				CLANG_WARN_UNREACHABLE_CODE = YES;
				CLANG_WARN__DUPLICATE_METHOD_MATCH = YES;
				COPY_PHASE_STRIP = NO;
				DEBUG_INFORMATION_FORMAT = dwarf;
				ENABLE_STRICT_OBJC_MSGSEND = YES;
				ENABLE_TESTABILITY = YES;
				GCC_C_LANGUAGE_STANDARD = "compiler-default";
				GCC_DYNAMIC_NO_PIC = NO;
				GCC_NO_COMMON_BLOCKS = YES;
				GCC_OPTIMIZATION_LEVEL = 0;
				GCC_PREPROCESSOR_DEFINITIONS = (
					"DEBUG=1",
					"$(inherited)",
				);
				GCC_TREAT_IMPLICIT_FUNCTION_DECLARATIONS_AS_ERRORS = YES;
				GCC_TREAT_INCOMPATIBLE_POINTER_TYPE_WARNINGS_AS_ERRORS = YES;
				GCC_TREAT_WARNINGS_AS_ERRORS = YES;
				GCC_WARN_64_TO_32_BIT_CONVERSION = YES;
				GCC_WARN_ABOUT_MISSING_FIELD_INITIALIZERS = YES;
				GCC_WARN_ABOUT_MISSING_PROTOTYPES = YES;
				GCC_WARN_ABOUT_RETURN_TYPE = YES_ERROR;
				GCC_WARN_MULTIPLE_DEFINITION_TYPES_FOR_SELECTOR = YES;
				GCC_WARN_PEDANTIC = NO;
				GCC_WARN_SHADOW = YES;
				GCC_WARN_SIGN_COMPARE = YES;
				GCC_WARN_STRICT_SELECTOR_MATCH = YES;
				GCC_WARN_UNDECLARED_SELECTOR = YES;
				GCC_WARN_UNINITIALIZED_AUTOS = YES_AGGRESSIVE;
				GCC_WARN_UNKNOWN_PRAGMAS = YES;
				GCC_WARN_UNUSED_FUNCTION = YES;
				GCC_WARN_UNUSED_VARIABLE = YES;
				IPHONEOS_DEPLOYMENT_TARGET = 9.0;
				MTL_ENABLE_DEBUG_INFO = YES;
				ONLY_ACTIVE_ARCH = YES;
				PRODUCT_BUNDLE_IDENTIFIER = "au.com.derekclarkson.${PRODUCT_NAME:rfc1034identifier}";
				RUN_CLANG_STATIC_ANALYZER = YES;
				SDKROOT = iphoneos;
				TARGETED_DEVICE_FAMILY = "1,2";
				TVOS_DEPLOYMENT_TARGET = 9.0;
				WATCHOS_DEPLOYMENT_TARGET = 2.0;
			};
			name = Debug;
		};
		6CE5C3F61B329BD100F0A470 /* Release */ = {
			isa = XCBuildConfiguration;
			buildSettings = {
				ALWAYS_SEARCH_USER_PATHS = NO;
				CLANG_ANALYZER_SECURITY_FLOATLOOPCOUNTER = YES;
				CLANG_ANALYZER_SECURITY_INSECUREAPI_STRCPY = YES;
				CLANG_CXX_LANGUAGE_STANDARD = "compiler-default";
				CLANG_CXX_LIBRARY = "compiler-default";
				CLANG_ENABLE_MODULES = YES;
				CLANG_ENABLE_OBJC_ARC = YES;
				CLANG_WARN_ASSIGN_ENUM = YES;
				CLANG_WARN_BOOL_CONVERSION = YES;
				CLANG_WARN_CONSTANT_CONVERSION = YES;
				CLANG_WARN_DEPRECATED_OBJC_IMPLEMENTATIONS = YES;
				CLANG_WARN_DIRECT_OBJC_ISA_USAGE = YES_ERROR;
				CLANG_WARN_EMPTY_BODY = YES;
				CLANG_WARN_ENUM_CONVERSION = YES;
				CLANG_WARN_IMPLICIT_SIGN_CONVERSION = YES;
				CLANG_WARN_INT_CONVERSION = YES;
				CLANG_WARN_OBJC_IMPLICIT_ATOMIC_PROPERTIES = YES;
				CLANG_WARN_OBJC_IMPLICIT_RETAIN_SELF = YES;
				CLANG_WARN_OBJC_MISSING_PROPERTY_SYNTHESIS = NO;
				CLANG_WARN_OBJC_REPEATED_USE_OF_WEAK = YES;
				CLANG_WARN_OBJC_ROOT_CLASS = YES_ERROR;
				CLANG_WARN_SUSPICIOUS_IMPLICIT_CONVERSION = YES;
				CLANG_WARN_UNREACHABLE_CODE = YES;
				CLANG_WARN__DUPLICATE_METHOD_MATCH = YES;
				COPY_PHASE_STRIP = NO;
				DEBUG_INFORMATION_FORMAT = "dwarf-with-dsym";
				ENABLE_NS_ASSERTIONS = NO;
				ENABLE_STRICT_OBJC_MSGSEND = YES;
				GCC_C_LANGUAGE_STANDARD = "compiler-default";
				GCC_NO_COMMON_BLOCKS = YES;
				GCC_TREAT_IMPLICIT_FUNCTION_DECLARATIONS_AS_ERRORS = YES;
				GCC_TREAT_INCOMPATIBLE_POINTER_TYPE_WARNINGS_AS_ERRORS = YES;
				GCC_TREAT_WARNINGS_AS_ERRORS = YES;
				GCC_WARN_64_TO_32_BIT_CONVERSION = YES;
				GCC_WARN_ABOUT_MISSING_FIELD_INITIALIZERS = YES;
				GCC_WARN_ABOUT_MISSING_PROTOTYPES = YES;
				GCC_WARN_ABOUT_RETURN_TYPE = YES_ERROR;
				GCC_WARN_MULTIPLE_DEFINITION_TYPES_FOR_SELECTOR = YES;
				GCC_WARN_PEDANTIC = NO;
				GCC_WARN_SHADOW = YES;
				GCC_WARN_SIGN_COMPARE = YES;
				GCC_WARN_STRICT_SELECTOR_MATCH = YES;
				GCC_WARN_UNDECLARED_SELECTOR = YES;
				GCC_WARN_UNINITIALIZED_AUTOS = YES_AGGRESSIVE;
				GCC_WARN_UNKNOWN_PRAGMAS = YES;
				GCC_WARN_UNUSED_FUNCTION = YES;
				GCC_WARN_UNUSED_VARIABLE = YES;
				IPHONEOS_DEPLOYMENT_TARGET = 9.0;
				MTL_ENABLE_DEBUG_INFO = NO;
				PRODUCT_BUNDLE_IDENTIFIER = "au.com.derekclarkson.${PRODUCT_NAME:rfc1034identifier}";
				RUN_CLANG_STATIC_ANALYZER = YES;
				SDKROOT = iphoneos;
				TARGETED_DEVICE_FAMILY = "1,2";
				TVOS_DEPLOYMENT_TARGET = 9.0;
				VALIDATE_PRODUCT = YES;
				WATCHOS_DEPLOYMENT_TARGET = 2.0;
			};
			name = Release;
		};
		6CE5C3FB1B329BD100F0A470 /* Debug */ = {
			isa = XCBuildConfiguration;
			buildSettings = {
				FRAMEWORK_SEARCH_PATHS = (
					"$(inherited)",
					"$(PROJECT_DIR)/Carthage/Build/iOS",
				);
				HEADER_SEARCH_PATHS = (
					"$(inherited)",
					"$(PROJECT_DIR)/Carthage/Build/iOS",
				);
				INFOPLIST_FILE = StoryTellerTests/Info.plist;
				LD_RUNPATH_SEARCH_PATHS = "$(inherited) @executable_path/Frameworks @loader_path/Frameworks";
				PRODUCT_BUNDLE_IDENTIFIER = au.com.derekclarkson.StoryTellerTests;
				PRODUCT_NAME = "$(TARGET_NAME)";
				TVOS_DEPLOYMENT_TARGET = 9.0;
				WATCHOS_DEPLOYMENT_TARGET = 2.0;
			};
			name = Debug;
		};
		6CE5C3FC1B329BD100F0A470 /* Release */ = {
			isa = XCBuildConfiguration;
			buildSettings = {
				FRAMEWORK_SEARCH_PATHS = (
					"$(inherited)",
					"$(PROJECT_DIR)/Carthage/Build/iOS",
				);
				HEADER_SEARCH_PATHS = (
					"$(inherited)",
					"$(PROJECT_DIR)/Carthage/Build/iOS",
				);
				INFOPLIST_FILE = StoryTellerTests/Info.plist;
				LD_RUNPATH_SEARCH_PATHS = "$(inherited) @executable_path/Frameworks @loader_path/Frameworks";
				PRODUCT_BUNDLE_IDENTIFIER = au.com.derekclarkson.StoryTellerTests;
				PRODUCT_NAME = "$(TARGET_NAME)";
				TVOS_DEPLOYMENT_TARGET = 9.0;
				WATCHOS_DEPLOYMENT_TARGET = 2.0;
			};
			name = Release;
		};
/* End XCBuildConfiguration section */

/* Begin XCConfigurationList section */
		6C158E251B38269D00119725 /* Build configuration list for PBXNativeTarget "StoryTeller iOS" */ = {
			isa = XCConfigurationList;
			buildConfigurations = (
				6C158E261B38269D00119725 /* Debug */,
				6C158E271B38269D00119725 /* Release */,
			);
			defaultConfigurationIsVisible = 0;
			defaultConfigurationName = Release;
		};
		6CD10E4B1D5D9789001D3507 /* Build configuration list for PBXNativeTarget "StoryTeller tvOS" */ = {
			isa = XCConfigurationList;
			buildConfigurations = (
				6CD10E491D5D9789001D3507 /* Debug */,
				6CD10E4A1D5D9789001D3507 /* Release */,
			);
			defaultConfigurationIsVisible = 0;
			defaultConfigurationName = Release;
		};
		6CE5C3DF1B329BD100F0A470 /* Build configuration list for PBXProject "StoryTeller" */ = {
			isa = XCConfigurationList;
			buildConfigurations = (
				6CE5C3F51B329BD100F0A470 /* Debug */,
				6CE5C3F61B329BD100F0A470 /* Release */,
			);
			defaultConfigurationIsVisible = 0;
			defaultConfigurationName = Release;
		};
		6CE5C3FA1B329BD100F0A470 /* Build configuration list for PBXNativeTarget "StoryTellerTests" */ = {
			isa = XCConfigurationList;
			buildConfigurations = (
				6CE5C3FB1B329BD100F0A470 /* Debug */,
				6CE5C3FC1B329BD100F0A470 /* Release */,
			);
			defaultConfigurationIsVisible = 0;
			defaultConfigurationName = Release;
		};
/* End XCConfigurationList section */
	};
	rootObject = 6CE5C3DC1B329BD100F0A470 /* Project object */;
}
